
Microsoft Visual Studio Solution File, Format Version 12.00
# Visual Studio Version 17
VisualStudioVersion = 17.14.36511.14 d17.14
MinimumVisualStudioVersion = 10.0.40219.1
Project("{FAE04EC0-301F-11D3-BF4B-00C04F79EFBC}") = "OurProj", "OurProj\OurProj.csproj", "{F2006407-3936-4B76-86E8-2337B74296EE}"
EndProject
Project("{FAE04EC0-301F-11D3-BF4B-00C04F79EFBC}") = "proverochka", "proverochka\proverochka.csproj", "{B25E5547-8239-4110-BA90-4C3E73C2B68D}"
EndProject
Project("{FAE04EC0-301F-11D3-BF4B-00C04F79EFBC}") = "TaskGiver", "TaskGiver\TaskGiver.csproj", "{AA51F8E1-39E4-4109-BA5A-FF04FD84B748}"
EndProject
Global
	GlobalSection(SolutionConfigurationPlatforms) = preSolution
		Debug|Any CPU = Debug|Any CPU
		Release|Any CPU = Release|Any CPU
	EndGlobalSection
	GlobalSection(ProjectConfigurationPlatforms) = postSolution
		{F2006407-3936-4B76-86E8-2337B74296EE}.Debug|Any CPU.ActiveCfg = Debug|Any CPU
		{F2006407-3936-4B76-86E8-2337B74296EE}.Debug|Any CPU.Build.0 = Debug|Any CPU
		{F2006407-3936-4B76-86E8-2337B74296EE}.Release|Any CPU.ActiveCfg = Release|Any CPU
		{F2006407-3936-4B76-86E8-2337B74296EE}.Release|Any CPU.Build.0 = Release|Any CPU
		{B25E5547-8239-4110-BA90-4C3E73C2B68D}.Debug|Any CPU.ActiveCfg = Debug|Any CPU
		{B25E5547-8239-4110-BA90-4C3E73C2B68D}.Debug|Any CPU.Build.0 = Debug|Any CPU
		{B25E5547-8239-4110-BA90-4C3E73C2B68D}.Release|Any CPU.ActiveCfg = Release|Any CPU
		{B25E5547-8239-4110-BA90-4C3E73C2B68D}.Release|Any CPU.Build.0 = Release|Any CPU
		{AA51F8E1-39E4-4109-BA5A-FF04FD84B748}.Debug|Any CPU.ActiveCfg = Debug|Any CPU
		{AA51F8E1-39E4-4109-BA5A-FF04FD84B748}.Debug|Any CPU.Build.0 = Debug|Any CPU
		{AA51F8E1-39E4-4109-BA5A-FF04FD84B748}.Release|Any CPU.ActiveCfg = Release|Any CPU
		{AA51F8E1-39E4-4109-BA5A-FF04FD84B748}.Release|Any CPU.Build.0 = Release|Any CPU
	EndGlobalSection
	GlobalSection(SolutionProperties) = preSolution
		HideSolutionNode = FALSE
	EndGlobalSection
	GlobalSection(ExtensibilityGlobals) = postSolution
		SolutionGuid = {05713250-8D5F-4E18-8D75-E9985007F5FB}
	EndGlobalSection
EndGlobal
